// !$*UTF8*$!
{
	archiveVersion = 1;
	classes = {
	};
	objectVersion = 50;
	objects = {

/* Begin PBXBuildFile section */
		5711DE4D249AAFD4006C129C /* AppDelegate.swift in Sources */ = {isa = PBXBuildFile; fileRef = 5711DE4C249AAFD4006C129C /* AppDelegate.swift */; };
		5711DE4F249AAFD4006C129C /* SceneDelegate.swift in Sources */ = {isa = PBXBuildFile; fileRef = 5711DE4E249AAFD4006C129C /* SceneDelegate.swift */; };
		5711DE51249AAFD4006C129C /* ContentView.swift in Sources */ = {isa = PBXBuildFile; fileRef = 5711DE50249AAFD4006C129C /* ContentView.swift */; };
		5711DE53249AAFD5006C129C /* Assets.xcassets in Resources */ = {isa = PBXBuildFile; fileRef = 5711DE52249AAFD5006C129C /* Assets.xcassets */; };
		5711DE56249AAFD5006C129C /* Preview Assets.xcassets in Resources */ = {isa = PBXBuildFile; fileRef = 5711DE55249AAFD5006C129C /* Preview Assets.xcassets */; };
		5711DE59249AAFD5006C129C /* LaunchScreen.storyboard in Resources */ = {isa = PBXBuildFile; fileRef = 5711DE57249AAFD5006C129C /* LaunchScreen.storyboard */; };
/* End PBXBuildFile section */

/* Begin PBXFileReference section */
		5711DE49249AAFD4006C129C /* TwitterDesign.app */ = {isa = PBXFileReference; explicitFileType = wrapper.application; includeInIndex = 0; path = TwitterDesign.app; sourceTree = BUILT_PRODUCTS_DIR; };
		5711DE4C249AAFD4006C129C /* AppDelegate.swift */ = {isa = PBXFileReference; lastKnownFileType = sourcecode.swift; path = AppDelegate.swift; sourceTree = "<group>"; };
		5711DE4E249AAFD4006C129C /* SceneDelegate.swift */ = {isa = PBXFileReference; lastKnownFileType = sourcecode.swift; path = SceneDelegate.swift; sourceTree = "<group>"; };
		5711DE50249AAFD4006C129C /* ContentView.swift */ = {isa = PBXFileReference; lastKnownFileType = sourcecode.swift; path = ContentView.swift; sourceTree = "<group>"; };
		5711DE52249AAFD5006C129C /* Assets.xcassets */ = {isa = PBXFileReference; lastKnownFileType = folder.assetcatalog; path = Assets.xcassets; sourceTree = "<group>"; };
		5711DE55249AAFD5006C129C /* Preview Assets.xcassets */ = {isa = PBXFileReference; lastKnownFileType = folder.assetcatalog; path = "Preview Assets.xcassets"; sourceTree = "<group>"; };
		5711DE58249AAFD5006C129C /* Base */ = {isa = PBXFileReference; lastKnownFileType = file.storyboard; name = Base; path = Base.lproj/LaunchScreen.storyboard; sourceTree = "<group>"; };
		5711DE5A249AAFD5006C129C /* Info.plist */ = {isa = PBXFileReference; lastKnownFileType = text.plist.xml; path = Info.plist; sourceTree = "<group>"; };
/* End PBXFileReference section */

/* Begin PBXFrameworksBuildPhase section */
		5711DE46249AAFD4006C129C /* Frameworks */ = {
			isa = PBXFrameworksBuildPhase;
			buildActionMask = 2147483647;
			files = (
			);
			runOnlyForDeploymentPostprocessing = 0;
		};
/* End PBXFrameworksBuildPhase section */

/* Begin PBXGroup section */
		5711DE40249AAFD4006C129C = {
			isa = PBXGroup;
			children = (
				5711DE4B249AAFD4006C129C /* TwitterDesign */,
				5711DE4A249AAFD4006C129C /* Products */,
			);
			sourceTree = "<group>";
		};
		5711DE4A249AAFD4006C129C /* Products */ = {
			isa = PBXGroup;
			children = (
				5711DE49249AAFD4006C129C /* TwitterDesign.app */,
			);
			name = Products;
			sourceTree = "<group>";
		};
		5711DE4B249AAFD4006C129C /* TwitterDesign */ = {
			isa = PBXGroup;
			children = (
				5711DE4C249AAFD4006C129C /* AppDelegate.swift */,
				5711DE4E249AAFD4006C129C /* SceneDelegate.swift */,
				5711DE50249AAFD4006C129C /* ContentView.swift */,
				5711DE52249AAFD5006C129C /* Assets.xcassets */,
				5711DE57249AAFD5006C129C /* LaunchScreen.storyboard */,
				5711DE5A249AAFD5006C129C /* Info.plist */,
				5711DE54249AAFD5006C129C /* Preview Content */,
			);
			path = TwitterDesign;
			sourceTree = "<group>";
		};
		5711DE54249AAFD5006C129C /* Preview Content */ = {
			isa = PBXGroup;
			children = (
				5711DE55249AAFD5006C129C /* Preview Assets.xcassets */,
			);
			path = "Preview Content";
			sourceTree = "<group>";
		};
/* End PBXGroup section */

/* Begin PBXNativeTarget section */
		5711DE48249AAFD4006C129C /* TwitterDesign */ = {
			isa = PBXNativeTarget;
			buildConfigurationList = 5711DE5D249AAFD5006C129C /* Build configuration list for PBXNativeTarget "TwitterDesign" */;
			buildPhases = (
				5711DE45249AAFD4006C129C /* Sources */,
				5711DE46249AAFD4006C129C /* Frameworks */,
				5711DE47249AAFD4006C129C /* Resources */,
			);
			buildRules = (
			);
			dependencies = (
			);
			name = TwitterDesign;
			productName = TwitterDesign;
			productReference = 5711DE49249AAFD4006C129C /* TwitterDesign.app */;
			productType = "com.apple.product-type.application";
		};
/* End PBXNativeTarget section */

/* Begin PBXProject section */
		5711DE41249AAFD4006C129C /* Project object */ = {
			isa = PBXProject;
			attributes = {
				LastSwiftUpdateCheck = 1130;
				LastUpgradeCheck = 1130;
				ORGANIZATIONNAME = "Shrey Gupta";
				TargetAttributes = {
					5711DE48249AAFD4006C129C = {
						CreatedOnToolsVersion = 11.3.1;
					};
				};
			};
			buildConfigurationList = 5711DE44249AAFD4006C129C /* Build configuration list for PBXProject "TwitterDesign" */;
			compatibilityVersion = "Xcode 9.3";
			developmentRegion = en;
			hasScannedForEncodings = 0;
			knownRegions = (
				en,
				Base,
			);
			mainGroup = 5711DE40249AAFD4006C129C;
			productRefGroup = 5711DE4A249AAFD4006C129C /* Products */;
			projectDirPath = "";
			projectRoot = "";
			targets = (
				5711DE48249AAFD4006C129C /* TwitterDesign */,
			);
		};
/* End PBXProject section */

/* Begin PBXResourcesBuildPhase section */
		5711DE47249AAFD4006C129C /* Resources */ = {
			isa = PBXResourcesBuildPhase;
			buildActionMask = 2147483647;
			files = (
				5711DE59249AAFD5006C129C /* LaunchScreen.storyboard in Resources */,
				5711DE56249AAFD5006C129C /* Preview Assets.xcassets in Resources */,
				5711DE53249AAFD5006C129C /* Assets.xcassets in Resources */,
			);
			runOnlyForDeploymentPostprocessing = 0;
		};
/* End PBXResourcesBuildPhase section */

/* Begin PBXSourcesBuildPhase section */
		5711DE45249AAFD4006C129C /* Sources */ = {
			isa = PBXSourcesBuildPhase;
			buildActionMask = 2147483647;
			files = (
				5711DE4D249AAFD4006C129C /* AppDelegate.swift in Sources */,
				5711DE4F249AAFD4006C129C /* SceneDelegate.swift in Sources */,
				5711DE51249AAFD4006C129C /* ContentView.swift in Sources */,
			);
			runOnlyForDeploymentPostprocessing = 0;
		};
/* End PBXSourcesBuildPhase section */

/* Begin PBXVariantGroup section */
		5711DE57249AAFD5006C129C /* LaunchScreen.storyboard */ = {
			isa = PBXVariantGroup;
			children = (
				5711DE58249AAFD5006C129C /* Base */,
			);
			name = LaunchScreen.storyboard;
			sourceTree = "<group>";
		};
/* End PBXVariantGroup section */

/* Begin XCBuildConfiguration section */
		5711DE5B249AAFD5006C129C /* Debug */ = {
			isa = XCBuildConfiguration;
			buildSettings = {
				ALWAYS_SEARCH_USER_PATHS = NO;
				CLANG_ANALYZER_NONNULL = YES;
				CLANG_ANALYZER_NUMBER_OBJECT_CONVERSION = YES_AGGRESSIVE;
				CLANG_CXX_LANGUAGE_STANDARD = "gnu++14";
				CLANG_CXX_LIBRARY = "libc++";
				CLANG_ENABLE_MODULES = YES;
				CLANG_ENABLE_OBJC_ARC = YES;
				CLANG_ENABLE_OBJC_WEAK = YES;
				CLANG_WARN_BLOCK_CAPTURE_AUTORELEASING = YES;
				CLANG_WARN_BOOL_CONVERSION = YES;
				CLANG_WARN_COMMA = YES;
				CLANG_WARN_CONSTANT_CONVERSION = YES;
				CLANG_WARN_DEPRECATED_OBJC_IMPLEMENTATIONS = YES;
				CLANG_WARN_DIRECT_OBJC_ISA_USAGE = YES_ERROR;
				CLANG_WARN_DOCUMENTATION_COMMENTS = YES;
				CLANG_WARN_EMPTY_BODY = YES;
				CLANG_WARN_ENUM_CONVERSION = YES;
				CLANG_WARN_INFINITE_RECURSION = YES;
				CLANG_WARN_INT_CONVERSION = YES;
				CLANG_WARN_NON_LITERAL_NULL_CONVERSION = YES;
				CLANG_WARN_OBJC_IMPLICIT_RETAIN_SELF = YES;
				CLANG_WARN_OBJC_LITERAL_CONVERSION = YES;
				CLANG_WARN_OBJC_ROOT_CLASS = YES_ERROR;
				CLANG_WARN_RANGE_LOOP_ANALYSIS = YES;
				CLANG_WARN_STRICT_PROTOTYPES = YES;
				CLANG_WARN_SUSPICIOUS_MOVE = YES;
				CLANG_WARN_UNGUARDED_AVAILABILITY = YES_AGGRESSIVE;
				CLANG_WARN_UNREACHABLE_CODE = YES;
				CLANG_WARN__DUPLICATE_METHOD_MATCH = YES;
				COPY_PHASE_STRIP = NO;
				DEBUG_INFORMATION_FORMAT = dwarf;
				ENABLE_STRICT_OBJC_MSGSEND = YES;
				ENABLE_TESTABILITY = YES;
				GCC_C_LANGUAGE_STANDARD = gnu11;
				GCC_DYNAMIC_NO_PIC = NO;
				GCC_NO_COMMON_BLOCKS = YES;
				GCC_OPTIMIZATION_LEVEL = 0;
				GCC_PREPROCESSOR_DEFINITIONS = (
					"DEBUG=1",
					"$(inherited)",
				);
				GCC_WARN_64_TO_32_BIT_CONVERSION = YES;
				GCC_WARN_ABOUT_RETURN_TYPE = YES_ERROR;
				GCC_WARN_UNDECLARED_SELECTOR = YES;
				GCC_WARN_UNINITIALIZED_AUTOS = YES_AGGRESSIVE;
				GCC_WARN_UNUSED_FUNCTION = YES;
				GCC_WARN_UNUSED_VARIABLE = YES;
				IPHONEOS_DEPLOYMENT_TARGET = 13.2;
				MTL_ENABLE_DEBUG_INFO = INCLUDE_SOURCE;
				MTL_FAST_MATH = YES;
				ONLY_ACTIVE_ARCH = YES;
				SDKROOT = iphoneos;
				SWIFT_ACTIVE_COMPILATION_CONDITIONS = DEBUG;
				SWIFT_OPTIMIZATION_LEVEL = "-Onone";
			};
			name = Debug;
		};
		5711DE5C249AAFD5006C129C /* Release */ = {
			isa = XCBuildConfiguration;
			buildSettings = {
				ALWAYS_SEARCH_USER_PATHS = NO;
				CLANG_ANALYZER_NONNULL = YES;
				CLANG_ANALYZER_NUMBER_OBJECT_CONVERSION = YES_AGGRESSIVE;
				CLANG_CXX_LANGUAGE_STANDARD = "gnu++14";
				CLANG_CXX_LIBRARY = "libc++";
				CLANG_ENABLE_MODULES = YES;
				CLANG_ENABLE_OBJC_ARC = YES;
				CLANG_ENABLE_OBJC_WEAK = YES;
				CLANG_WARN_BLOCK_CAPTURE_AUTORELEASING = YES;
				CLANG_WARN_BOOL_CONVERSION = YES;
				CLANG_WARN_COMMA = YES;
				CLANG_WARN_CONSTANT_CONVERSION = YES;
				CLANG_WARN_DEPRECATED_OBJC_IMPLEMENTATIONS = YES;
				CLANG_WARN_DIRECT_OBJC_ISA_USAGE = YES_ERROR;
				CLANG_WARN_DOCUMENTATION_COMMENTS = YES;
				CLANG_WARN_EMPTY_BODY = YES;
				CLANG_WARN_ENUM_CONVERSION = YES;
				CLANG_WARN_INFINITE_RECURSION = YES;
				CLANG_WARN_INT_CONVERSION = YES;
				CLANG_WARN_NON_LITERAL_NULL_CONVERSION = YES;
				CLANG_WARN_OBJC_IMPLICIT_RETAIN_SELF = YES;
				CLANG_WARN_OBJC_LITERAL_CONVERSION = YES;
				CLANG_WARN_OBJC_ROOT_CLASS = YES_ERROR;
				CLANG_WARN_RANGE_LOOP_ANALYSIS = YES;
				CLANG_WARN_STRICT_PROTOTYPES = YES;
				CLANG_WARN_SUSPICIOUS_MOVE = YES;
				CLANG_WARN_UNGUARDED_AVAILABILITY = YES_AGGRESSIVE;
				CLANG_WARN_UNREACHABLE_CODE = YES;
				CLANG_WARN__DUPLICATE_METHOD_MATCH = YES;
				COPY_PHASE_STRIP = NO;
				DEBUG_INFORMATION_FORMAT = "dwarf-with-dsym";
				ENABLE_NS_ASSERTIONS = NO;
				ENABLE_STRICT_OBJC_MSGSEND = YES;
				GCC_C_LANGUAGE_STANDARD = gnu11;
				GCC_NO_COMMON_BLOCKS = YES;
				GCC_WARN_64_TO_32_BIT_CONVERSION = YES;
				GCC_WARN_ABOUT_RETURN_TYPE = YES_ERROR;
				GCC_WARN_UNDECLARED_SELECTOR = YES;
				GCC_WARN_UNINITIALIZED_AUTOS = YES_AGGRESSIVE;
				GCC_WARN_UNUSED_FUNCTION = YES;
				GCC_WARN_UNUSED_VARIABLE = YES;
				IPHONEOS_DEPLOYMENT_TARGET = 13.2;
				MTL_ENABLE_DEBUG_INFO = NO;
				MTL_FAST_MATH = YES;
				SDKROOT = iphoneos;
				SWIFT_COMPILATION_MODE = wholemodule;
				SWIFT_OPTIMIZATION_LEVEL = "-O";
				VALIDATE_PRODUCT = YES;
			};
			name = Release;
		};
		5711DE5E249AAFD5006C129C /* Debug */ = {
			isa = XCBuildConfiguration;
			buildSettings = {
				ASSETCATALOG_COMPILER_APPICON_NAME = AppIcon;
				CODE_SIGN_STYLE = Automatic;
				DEVELOPMENT_ASSET_PATHS = "\"TwitterDesign/Preview Content\"";
				DEVELOPMENT_TEAM = M76JCDBP55;
				ENABLE_PREVIEWS = YES;
				INFOPLIST_FILE = TwitterDesign/Info.plist;
				LD_RUNPATH_SEARCH_PATHS = (
					"$(inherited)",
					"@executable_path/Frameworks",
				);
				PRODUCT_BUNDLE_IDENTIFIER = com.shreygupta.TwitterDesign;
				PRODUCT_NAME = "$(TARGET_NAME)";
				SWIFT_VERSION = 5.0;
				TARGETED_DEVICE_FAMILY = "1,2";
			};
			name = Debug;
		};
		5711DE5F249AAFD5006C129C /* Release */ = {
			isa = XCBuildConfiguration;
			buildSettings = {
				ASSETCATALOG_COMPILER_APPICON_NAME = AppIcon;
				CODE_SIGN_STYLE = Automatic;
				DEVELOPMENT_ASSET_PATHS = "\"TwitterDesign/Preview Content\"";
				DEVELOPMENT_TEAM = M76JCDBP55;
				ENABLE_PREVIEWS = YES;
				INFOPLIST_FILE = TwitterDesign/Info.plist;
				LD_RUNPATH_SEARCH_PATHS = (
					"$(inherited)",
					"@executable_path/Frameworks",
				);
				PRODUCT_BUNDLE_IDENTIFIER = com.shreygupta.TwitterDesign;
				PRODUCT_NAME = "$(TARGET_NAME)";
				SWIFT_VERSION = 5.0;
				TARGETED_DEVICE_FAMILY = "1,2";
			};
			name = Release;
		};
/* End XCBuildConfiguration section */

/* Begin XCConfigurationList section */
		5711DE44249AAFD4006C129C /* Build configuration list for PBXProject "TwitterDesign" */ = {
			isa = XCConfigurationList;
			buildConfigurations = (
				5711DE5B249AAFD5006C129C /* Debug */,
				5711DE5C249AAFD5006C129C /* Release */,
			);
			defaultConfigurationIsVisible = 0;
			defaultConfigurationName = Release;
		};
		5711DE5D249AAFD5006C129C /* Build configuration list for PBXNativeTarget "TwitterDesign" */ = {
			isa = XCConfigurationList;
			buildConfigurations = (
				5711DE5E249AAFD5006C129C /* Debug */,
				5711DE5F249AAFD5006C129C /* Release */,
			);
			defaultConfigurationIsVisible = 0;
			defaultConfigurationName = Release;
		};
/* End XCConfigurationList section */
	};
	rootObject = 5711DE41249AAFD4006C129C /* Project object */;
}
